{
  "name": "@contextualwisdomlab/diagramweave",
  "version": "0.0.0",
  "lockfileVersion": 3,
  "requires": true,
  "packages": {
    "": {
      "name": "@contextualwisdomlab/diagramweave",
      "version": "0.0.0",
      "license": "MIT",
      "workspaces": [
        "packages/*"
      ],
      "engines": {
        "node": ">=22 <25"
      }
    },
    "node_modules/@contextualwisdomlab/diagramweave-cli": {
      "resolved": "packages/cli",
      "link": true
    },
    "node_modules/@contextualwisdomlab/diagramweave-contextual-orchestrator": {
      "resolved": "packages/contextual-orchestrator",
      "link": true
    },
    "node_modules/@contextualwisdomlab/diagramweave-core": {
      "resolved": "packages/core",
      "link": true
    },
    "node_modules/@contextualwisdomlab/diagramweave-language-server": {
      "resolved": "packages/language-server",
      "link": true
    },
    "node_modules/@contextualwisdomlab/diagramweave-plantuml-renderer": {
      "resolved": "packages/plantuml-renderer",
      "link": true
    },
    "packages/cli": {
      "name": "@contextualwisdomlab/diagramweave-cli",
      "version": "0.0.0",
      "license": "MIT",
      "dependencies": {
        "@contextualwisdomlab/diagramweave-plantuml-renderer": "0.0.0"
      },
      "bin": {
        "dweave": "src/bin.js"
      },
      "engines": {
        "node": ">=22 <25"
      }
    },
    "packages/contextual-orchestrator": {
      "name": "@contextualwisdomlab/diagramweave-contextual-orchestrator",
      "version": "0.0.0",
      "license": "MIT",
      "dependencies": {
        "@contextualwisdomlab/diagramweave-core": "0.0.0"
      },
      "engines": {
        "node": ">=22 <25"
      }
    },
    "packages/core": {
      "name": "@contextualwisdomlab/diagramweave-core",
      "version": "0.0.0",
      "license": "MIT",
      "engines": {
        "node": ">=22 <25"
      }
    },
    "packages/language-server": {
      "name": "@contextualwisdomlab/diagramweave-language-server",
      "version": "0.0.0",
      "license": "MIT",
      "dependencies": {
        "@contextualwisdomlab/diagramweave-plantuml-renderer": "0.0.0"
      },
      "engines": {
        "node": ">=22 <25"
      }
    },
    "packages/plantuml-renderer": {
      "name": "@contextualwisdomlab/diagramweave-plantuml-renderer",
      "version": "0.0.0",
      "license": "MIT",
      "dependencies": {
        "@contextualwisdomlab/diagramweave-core": "0.0.0"
      },
      "engines": {
        "node": ">=22 <25"
      }
    }
  }
}
